
Microsoft Visual Studio Solution File, Format Version 12.00
# Visual Studio 2013
VisualStudioVersion = 12.0.21005.1
MinimumVisualStudioVersion = 10.0.40219.1
Project("{D2ABAB84-BF74-430A-B69E-9DC6D40DDA17}") = "Contracts", "Contracts\Contracts.dwproj", "{CE4500A8-7ED7-4ED9-9253-DE340615695B}"
EndProject
Global
	GlobalSection(SolutionConfigurationPlatforms) = preSolution
		Development|Default = Development|Default
	EndGlobalSection
	GlobalSection(ProjectConfigurationPlatforms) = postSolution
		{CE4500A8-7ED7-4ED9-9253-DE340615695B}.Development|Default.ActiveCfg = Development
		{CE4500A8-7ED7-4ED9-9253-DE340615695B}.Development|Default.Build.0 = Development
		{CE4500A8-7ED7-4ED9-9253-DE340615695B}.Development|Default.Deploy.0 = Development
	EndGlobalSection
	GlobalSection(SolutionProperties) = preSolution
		HideSolutionNode = FALSE
	EndGlobalSection
EndGlobal
