
Microsoft Visual Studio Solution File, Format Version 12.00
# Visual Studio 2013
VisualStudioVersion = 12.0.40629.0
MinimumVisualStudioVersion = 10.0.40219.1
Project("{D2ABAB84-BF74-430A-B69E-9DC6D40DDA17}") = "NCR", "NCR\NCR.dwproj", "{2BD0405E-E681-4D12-A6C1-0EA9FA6B53BB}"
EndProject
Global
	GlobalSection(SolutionConfigurationPlatforms) = preSolution
		Development|Default = Development|Default
	EndGlobalSection
	GlobalSection(ProjectConfigurationPlatforms) = postSolution
		{2BD0405E-E681-4D12-A6C1-0EA9FA6B53BB}.Development|Default.ActiveCfg = Development
		{2BD0405E-E681-4D12-A6C1-0EA9FA6B53BB}.Development|Default.Build.0 = Development
		{2BD0405E-E681-4D12-A6C1-0EA9FA6B53BB}.Development|Default.Deploy.0 = Development
	EndGlobalSection
	GlobalSection(SolutionProperties) = preSolution
		HideSolutionNode = FALSE
	EndGlobalSection
EndGlobal
