
Microsoft Visual Studio Solution File, Format Version 12.00
# Visual Studio 2013
VisualStudioVersion = 12.0.21005.1
MinimumVisualStudioVersion = 10.0.40219.1
Project("{D2ABAB84-BF74-430A-B69E-9DC6D40DDA17}") = "ServiceCube", "ServiceCube\ServiceCube.dwproj", "{3D6FE328-018B-48DC-8E16-087008890508}"
EndProject
Global
	GlobalSection(SolutionConfigurationPlatforms) = preSolution
		Development|Default = Development|Default
	EndGlobalSection
	GlobalSection(ProjectConfigurationPlatforms) = postSolution
		{3D6FE328-018B-48DC-8E16-087008890508}.Development|Default.ActiveCfg = Development
		{3D6FE328-018B-48DC-8E16-087008890508}.Development|Default.Build.0 = Development
		{3D6FE328-018B-48DC-8E16-087008890508}.Development|Default.Deploy.0 = Development
	EndGlobalSection
	GlobalSection(SolutionProperties) = preSolution
		HideSolutionNode = FALSE
	EndGlobalSection
EndGlobal
