
Microsoft Visual Studio Solution File, Format Version 12.00
# Visual Studio 2013
VisualStudioVersion = 12.0.40629.0
MinimumVisualStudioVersion = 10.0.40219.1
Project("{159641D6-6404-4A2A-AE62-294DE0FE8301}") = "FieldInventoryDataExtract", "FieldInventoryDataExtract\FieldInventoryDataExtract.dtproj", "{8376C959-D52D-4DFE-861A-8925599DC7D1}"
EndProject
Global
	GlobalSection(SolutionConfigurationPlatforms) = preSolution
		Development|Default = Development|Default
	EndGlobalSection
	GlobalSection(ProjectConfigurationPlatforms) = postSolution
		{8376C959-D52D-4DFE-861A-8925599DC7D1}.Development|Default.ActiveCfg = Development
		{8376C959-D52D-4DFE-861A-8925599DC7D1}.Development|Default.Build.0 = Development
	EndGlobalSection
	GlobalSection(SolutionProperties) = preSolution
		HideSolutionNode = FALSE
	EndGlobalSection
EndGlobal
